
Microsoft Visual Studio Solution File, Format Version 12.00
# Visual Studio 15
VisualStudioVersion = 15.0.28307.2092
MinimumVisualStudioVersion = 10.0.40219.1
Project("{FAE04EC0-301F-11D3-BF4B-00C04F79EFBC}") = "TTG", "TTG\TTG.csproj", "{512563EC-9212-4B7A-8371-17E4201AC39A}"
EndProject
Global
	GlobalSection(SolutionConfigurationPlatforms) = preSolution
		Debug|Any CPU = Debug|Any CPU
		Release|Any CPU = Release|Any CPU
	EndGlobalSection
	GlobalSection(ProjectConfigurationPlatforms) = postSolution
		{512563EC-9212-4B7A-8371-17E4201AC39A}.Debug|Any CPU.ActiveCfg = Debug|Any CPU
		{512563EC-9212-4B7A-8371-17E4201AC39A}.Debug|Any CPU.Build.0 = Debug|Any CPU
		{512563EC-9212-4B7A-8371-17E4201AC39A}.Release|Any CPU.ActiveCfg = Release|Any CPU
		{512563EC-9212-4B7A-8371-17E4201AC39A}.Release|Any CPU.Build.0 = Release|Any CPU
	EndGlobalSection
	GlobalSection(SolutionProperties) = preSolution
		HideSolutionNode = FALSE
	EndGlobalSection
	GlobalSection(ExtensibilityGlobals) = postSolution
		SolutionGuid = {31A5583F-CA23-42E3-A1B0-AE448A46278E}
	EndGlobalSection
EndGlobal
